
Microsoft Visual Studio Solution File, Format Version 12.00
Project("{FAE04EC0-301F-11D3-BF4B-00C04F79EFBC}") = "Pollit.Api", "Pollit.Api\Pollit.Api.csproj", "{EAA7C114-D4F1-463E-8116-459E0ABCF452}"
EndProject
Global
	GlobalSection(SolutionConfigurationPlatforms) = preSolution
		Debug|Any CPU = Debug|Any CPU
		Release|Any CPU = Release|Any CPU
	EndGlobalSection
	GlobalSection(ProjectConfigurationPlatforms) = postSolution
		{EAA7C114-D4F1-463E-8116-459E0ABCF452}.Debug|Any CPU.ActiveCfg = Debug|Any CPU
		{EAA7C114-D4F1-463E-8116-459E0ABCF452}.Debug|Any CPU.Build.0 = Debug|Any CPU
		{EAA7C114-D4F1-463E-8116-459E0ABCF452}.Release|Any CPU.ActiveCfg = Release|Any CPU
		{EAA7C114-D4F1-463E-8116-459E0ABCF452}.Release|Any CPU.Build.0 = Release|Any CPU
	EndGlobalSection
EndGlobal
